schema: '2.0'
stages:
  prepare_data:
    cmd: python src/stage_01_prepare.py
    deps:
    - path: configs/config.yaml
      md5: ae6e427e07470cc42fcad1299109d2ad
      size: 233
    - path: data/data.xml
      md5: a304afb96060aad90176268345e10355
      size: 37891850
    - path: src/stage_01_prepare.py
      md5: 4429abf283914410175925404e6923a5
      size: 2087
    - path: src/utils/common.py
      md5: d162961d817182441383bdb0e674e685
      size: 675
    - path: src/utils/data_management.py
      md5: 09d953192a7906196d8af308210aa0d8
      size: 869
    params:
      params.yaml:
        prepare.seed: 2021
        prepare.split: 0.2
    outs:
    - path: artifacts/prepared/test.tsv
      md5: 60c757f3b30604473de7fa775dfc00d9
      size: 4899778
    - path: artifacts/prepared/train.tsv
      md5: 553034c4cf40efc63c99c19fe98610d0
      size: 18986541
